// !$*UTF8*$!
{
	archiveVersion = 1;
	classes = {
	};
	objectVersion = 55;
	objects = {

/* Begin PBXBuildFile section */
		3E50A038293F729900DFDEDB /* AppDelegate.swift in Sources */ = {isa = PBXBuildFile; fileRef = 3E50A037293F729900DFDEDB /* AppDelegate.swift */; };
		3E50A03A293F729900DFDEDB /* SceneDelegate.swift in Sources */ = {isa = PBXBuildFile; fileRef = 3E50A039293F729900DFDEDB /* SceneDelegate.swift */; };
		3E50A03C293F729900DFDEDB /* MainTapBarViewController.swift in Sources */ = {isa = PBXBuildFile; fileRef = 3E50A03B293F729900DFDEDB /* MainTapBarViewController.swift */; };
		3E50A041293F729B00DFDEDB /* Assets.xcassets in Resources */ = {isa = PBXBuildFile; fileRef = 3E50A040293F729B00DFDEDB /* Assets.xcassets */; };
		3E50A044293F729B00DFDEDB /* LaunchScreen.storyboard in Resources */ = {isa = PBXBuildFile; fileRef = 3E50A042293F729B00DFDEDB /* LaunchScreen.storyboard */; };
		3E50A04D293F74E400DFDEDB /* HomeViewController.swift in Sources */ = {isa = PBXBuildFile; fileRef = 3E50A04C293F74E400DFDEDB /* HomeViewController.swift */; };
		3E50A04F293FD17600DFDEDB /* UpcomingViewController.swift in Sources */ = {isa = PBXBuildFile; fileRef = 3E50A04E293FD17600DFDEDB /* UpcomingViewController.swift */; };
		3E50A051293FD1A100DFDEDB /* SearchViewController.swift in Sources */ = {isa = PBXBuildFile; fileRef = 3E50A050293FD1A100DFDEDB /* SearchViewController.swift */; };
		3E50A053293FD1BE00DFDEDB /* DownloandsViewController.swift in Sources */ = {isa = PBXBuildFile; fileRef = 3E50A052293FD1BE00DFDEDB /* DownloandsViewController.swift */; };
		3E50A05A293FD8C100DFDEDB /* CollectionViewTableViewCell.swift in Sources */ = {isa = PBXBuildFile; fileRef = 3E50A059293FD8C000DFDEDB /* CollectionViewTableViewCell.swift */; };
		3E50A05C293FDF7C00DFDEDB /* HeroHeaderUIView.swift in Sources */ = {isa = PBXBuildFile; fileRef = 3E50A05B293FDF7C00DFDEDB /* HeroHeaderUIView.swift */; };
		3E50A05E294108D700DFDEDB /* APICaller.swift in Sources */ = {isa = PBXBuildFile; fileRef = 3E50A05D294108D700DFDEDB /* APICaller.swift */; };
		3E50A06029466AC600DFDEDB /* Title.swift in Sources */ = {isa = PBXBuildFile; fileRef = 3E50A05F29466AC600DFDEDB /* Title.swift */; };
		3E50A062294672F800DFDEDB /* Extensions.swift in Sources */ = {isa = PBXBuildFile; fileRef = 3E50A061294672F800DFDEDB /* Extensions.swift */; };
		3E50A0662946847000DFDEDB /* TitleCollectionViewCell.swift in Sources */ = {isa = PBXBuildFile; fileRef = 3E50A0652946847000DFDEDB /* TitleCollectionViewCell.swift */; };
		3E50A0692946870A00DFDEDB /* SDWebImage in Frameworks */ = {isa = PBXBuildFile; productRef = 3E50A0682946870A00DFDEDB /* SDWebImage */; };
		3E50A06B2946870A00DFDEDB /* SDWebImageMapKit in Frameworks */ = {isa = PBXBuildFile; productRef = 3E50A06A2946870A00DFDEDB /* SDWebImageMapKit */; };
		3E50A06D2949168500DFDEDB /* TitleTableViewCell.swift in Sources */ = {isa = PBXBuildFile; fileRef = 3E50A06C2949168500DFDEDB /* TitleTableViewCell.swift */; };
		3E50A06F29491BFC00DFDEDB /* TitleViewModel.swift in Sources */ = {isa = PBXBuildFile; fileRef = 3E50A06E29491BFC00DFDEDB /* TitleViewModel.swift */; };
		3E50A0712949F20C00DFDEDB /* SearchResultsViewController.swift in Sources */ = {isa = PBXBuildFile; fileRef = 3E50A0702949F20C00DFDEDB /* SearchResultsViewController.swift */; };
		3E50A075294A3F9300DFDEDB /* YoutubeSearchResponse.swift in Sources */ = {isa = PBXBuildFile; fileRef = 3E50A074294A3F9300DFDEDB /* YoutubeSearchResponse.swift */; };
		3E50A077294A445700DFDEDB /* TitlePreviewViewController.swift in Sources */ = {isa = PBXBuildFile; fileRef = 3E50A076294A445700DFDEDB /* TitlePreviewViewController.swift */; };
		3E50A079294A492F00DFDEDB /* TitlePreviewViewModel.swift in Sources */ = {isa = PBXBuildFile; fileRef = 3E50A078294A492F00DFDEDB /* TitlePreviewViewModel.swift */; };
		3E8F7D00294BC15C00A00B4F /* NetflixCloneModel.xcdatamodeld in Sources */ = {isa = PBXBuildFile; fileRef = 3E8F7CFE294BC15C00A00B4F /* NetflixCloneModel.xcdatamodeld */; };
		3E8F7D02294BC3FD00A00B4F /* DataPersistenceManager.swift in Sources */ = {isa = PBXBuildFile; fileRef = 3E8F7D01294BC3FC00A00B4F /* DataPersistenceManager.swift */; };
/* End PBXBuildFile section */

/* Begin PBXFileReference section */
		3E50A034293F729900DFDEDB /* Netflix Clone.app */ = {isa = PBXFileReference; explicitFileType = wrapper.application; includeInIndex = 0; path = "Netflix Clone.app"; sourceTree = BUILT_PRODUCTS_DIR; };
		3E50A037293F729900DFDEDB /* AppDelegate.swift */ = {isa = PBXFileReference; lastKnownFileType = sourcecode.swift; path = AppDelegate.swift; sourceTree = "<group>"; };
		3E50A039293F729900DFDEDB /* SceneDelegate.swift */ = {isa = PBXFileReference; lastKnownFileType = sourcecode.swift; path = SceneDelegate.swift; sourceTree = "<group>"; };
		3E50A03B293F729900DFDEDB /* MainTapBarViewController.swift */ = {isa = PBXFileReference; lastKnownFileType = sourcecode.swift; path = MainTapBarViewController.swift; sourceTree = "<group>"; };
		3E50A040293F729B00DFDEDB /* Assets.xcassets */ = {isa = PBXFileReference; lastKnownFileType = folder.assetcatalog; path = Assets.xcassets; sourceTree = "<group>"; };
		3E50A043293F729B00DFDEDB /* Base */ = {isa = PBXFileReference; lastKnownFileType = file.storyboard; name = Base; path = Base.lproj/LaunchScreen.storyboard; sourceTree = "<group>"; };
		3E50A045293F729B00DFDEDB /* Info.plist */ = {isa = PBXFileReference; lastKnownFileType = text.plist.xml; path = Info.plist; sourceTree = "<group>"; };
		3E50A04C293F74E400DFDEDB /* HomeViewController.swift */ = {isa = PBXFileReference; lastKnownFileType = sourcecode.swift; path = HomeViewController.swift; sourceTree = "<group>"; };
		3E50A04E293FD17600DFDEDB /* UpcomingViewController.swift */ = {isa = PBXFileReference; lastKnownFileType = sourcecode.swift; path = UpcomingViewController.swift; sourceTree = "<group>"; };
		3E50A050293FD1A100DFDEDB /* SearchViewController.swift */ = {isa = PBXFileReference; lastKnownFileType = sourcecode.swift; path = SearchViewController.swift; sourceTree = "<group>"; };
		3E50A052293FD1BE00DFDEDB /* DownloandsViewController.swift */ = {isa = PBXFileReference; lastKnownFileType = sourcecode.swift; path = DownloandsViewController.swift; sourceTree = "<group>"; };
		3E50A059293FD8C000DFDEDB /* CollectionViewTableViewCell.swift */ = {isa = PBXFileReference; lastKnownFileType = sourcecode.swift; path = CollectionViewTableViewCell.swift; sourceTree = "<group>"; };
		3E50A05B293FDF7C00DFDEDB /* HeroHeaderUIView.swift */ = {isa = PBXFileReference; lastKnownFileType = sourcecode.swift; path = HeroHeaderUIView.swift; sourceTree = "<group>"; };
		3E50A05D294108D700DFDEDB /* APICaller.swift */ = {isa = PBXFileReference; lastKnownFileType = sourcecode.swift; path = APICaller.swift; sourceTree = "<group>"; };
		3E50A05F29466AC600DFDEDB /* Title.swift */ = {isa = PBXFileReference; lastKnownFileType = sourcecode.swift; path = Title.swift; sourceTree = "<group>"; };
		3E50A061294672F800DFDEDB /* Extensions.swift */ = {isa = PBXFileReference; lastKnownFileType = sourcecode.swift; path = Extensions.swift; sourceTree = "<group>"; };
		3E50A0652946847000DFDEDB /* TitleCollectionViewCell.swift */ = {isa = PBXFileReference; lastKnownFileType = sourcecode.swift; path = TitleCollectionViewCell.swift; sourceTree = "<group>"; };
		3E50A06C2949168500DFDEDB /* TitleTableViewCell.swift */ = {isa = PBXFileReference; lastKnownFileType = sourcecode.swift; path = TitleTableViewCell.swift; sourceTree = "<group>"; };
		3E50A06E29491BFC00DFDEDB /* TitleViewModel.swift */ = {isa = PBXFileReference; lastKnownFileType = sourcecode.swift; path = TitleViewModel.swift; sourceTree = "<group>"; };
		3E50A0702949F20C00DFDEDB /* SearchResultsViewController.swift */ = {isa = PBXFileReference; lastKnownFileType = sourcecode.swift; path = SearchResultsViewController.swift; sourceTree = "<group>"; };
		3E50A074294A3F9300DFDEDB /* YoutubeSearchResponse.swift */ = {isa = PBXFileReference; lastKnownFileType = sourcecode.swift; path = YoutubeSearchResponse.swift; sourceTree = "<group>"; };
		3E50A076294A445700DFDEDB /* TitlePreviewViewController.swift */ = {isa = PBXFileReference; lastKnownFileType = sourcecode.swift; path = TitlePreviewViewController.swift; sourceTree = "<group>"; };
		3E50A078294A492F00DFDEDB /* TitlePreviewViewModel.swift */ = {isa = PBXFileReference; lastKnownFileType = sourcecode.swift; path = TitlePreviewViewModel.swift; sourceTree = "<group>"; };
		3E8F7CFF294BC15C00A00B4F /* NetflixCloneModel.xcdatamodel */ = {isa = PBXFileReference; lastKnownFileType = wrapper.xcdatamodel; path = NetflixCloneModel.xcdatamodel; sourceTree = "<group>"; };
		3E8F7D01294BC3FC00A00B4F /* DataPersistenceManager.swift */ = {isa = PBXFileReference; lastKnownFileType = sourcecode.swift; path = DataPersistenceManager.swift; sourceTree = "<group>"; };
/* End PBXFileReference section */

/* Begin PBXFrameworksBuildPhase section */
		3E50A031293F729900DFDEDB /* Frameworks */ = {
			isa = PBXFrameworksBuildPhase;
			buildActionMask = 2147483647;
			files = (
				3E50A06B2946870A00DFDEDB /* SDWebImageMapKit in Frameworks */,
				3E50A0692946870A00DFDEDB /* SDWebImage in Frameworks */,
			);
			runOnlyForDeploymentPostprocessing = 0;
		};
/* End PBXFrameworksBuildPhase section */

/* Begin PBXGroup section */
		3E50A02B293F729800DFDEDB = {
			isa = PBXGroup;
			children = (
				3E50A036293F729900DFDEDB /* Netflix Clone */,
				3E50A035293F729900DFDEDB /* Products */,
			);
			sourceTree = "<group>";
		};
		3E50A035293F729900DFDEDB /* Products */ = {
			isa = PBXGroup;
			children = (
				3E50A034293F729900DFDEDB /* Netflix Clone.app */,
			);
			name = Products;
			sourceTree = "<group>";
		};
		3E50A036293F729900DFDEDB /* Netflix Clone */ = {
			isa = PBXGroup;
			children = (
				3E50A058293FD87C00DFDEDB /* Managers */,
				3E50A057293FD85F00DFDEDB /* Resources */,
				3E50A056293FD82500DFDEDB /* Models */,
				3E50A054293FD80000DFDEDB /* Views */,
				3E50A055293FD81400DFDEDB /* ViewModels */,
				3E50A04B293F74B800DFDEDB /* Controllers */,
				3E50A037293F729900DFDEDB /* AppDelegate.swift */,
				3E50A039293F729900DFDEDB /* SceneDelegate.swift */,
				3E50A040293F729B00DFDEDB /* Assets.xcassets */,
				3E50A042293F729B00DFDEDB /* LaunchScreen.storyboard */,
				3E50A045293F729B00DFDEDB /* Info.plist */,
				3E8F7CFE294BC15C00A00B4F /* NetflixCloneModel.xcdatamodeld */,
			);
			path = "Netflix Clone";
			sourceTree = "<group>";
		};
		3E50A04B293F74B800DFDEDB /* Controllers */ = {
			isa = PBXGroup;
			children = (
				3E50A0732949F29000DFDEDB /* General */,
				3E50A0722949F27200DFDEDB /* Core */,
			);
			path = Controllers;
			sourceTree = "<group>";
		};
		3E50A054293FD80000DFDEDB /* Views */ = {
			isa = PBXGroup;
			children = (
				3E50A059293FD8C000DFDEDB /* CollectionViewTableViewCell.swift */,
				3E50A05B293FDF7C00DFDEDB /* HeroHeaderUIView.swift */,
				3E50A0652946847000DFDEDB /* TitleCollectionViewCell.swift */,
				3E50A06C2949168500DFDEDB /* TitleTableViewCell.swift */,
			);
			path = Views;
			sourceTree = "<group>";
		};
		3E50A055293FD81400DFDEDB /* ViewModels */ = {
			isa = PBXGroup;
			children = (
				3E50A06E29491BFC00DFDEDB /* TitleViewModel.swift */,
				3E50A078294A492F00DFDEDB /* TitlePreviewViewModel.swift */,
			);
			path = ViewModels;
			sourceTree = "<group>";
		};
		3E50A056293FD82500DFDEDB /* Models */ = {
			isa = PBXGroup;
			children = (
				3E50A05F29466AC600DFDEDB /* Title.swift */,
				3E50A074294A3F9300DFDEDB /* YoutubeSearchResponse.swift */,
			);
			path = Models;
			sourceTree = "<group>";
		};
		3E50A057293FD85F00DFDEDB /* Resources */ = {
			isa = PBXGroup;
			children = (
				3E50A061294672F800DFDEDB /* Extensions.swift */,
			);
			path = Resources;
			sourceTree = "<group>";
		};
		3E50A058293FD87C00DFDEDB /* Managers */ = {
			isa = PBXGroup;
			children = (
				3E50A05D294108D700DFDEDB /* APICaller.swift */,
				3E8F7D01294BC3FC00A00B4F /* DataPersistenceManager.swift */,
			);
			path = Managers;
			sourceTree = "<group>";
		};
		3E50A0722949F27200DFDEDB /* Core */ = {
			isa = PBXGroup;
			children = (
				3E50A04C293F74E400DFDEDB /* HomeViewController.swift */,
				3E50A04E293FD17600DFDEDB /* UpcomingViewController.swift */,
				3E50A050293FD1A100DFDEDB /* SearchViewController.swift */,
				3E50A052293FD1BE00DFDEDB /* DownloandsViewController.swift */,
				3E50A03B293F729900DFDEDB /* MainTapBarViewController.swift */,
			);
			path = Core;
			sourceTree = "<group>";
		};
		3E50A0732949F29000DFDEDB /* General */ = {
			isa = PBXGroup;
			children = (
				3E50A0702949F20C00DFDEDB /* SearchResultsViewController.swift */,
				3E50A076294A445700DFDEDB /* TitlePreviewViewController.swift */,
			);
			path = General;
			sourceTree = "<group>";
		};
/* End PBXGroup section */

/* Begin PBXNativeTarget section */
		3E50A033293F729900DFDEDB /* Netflix Clone */ = {
			isa = PBXNativeTarget;
			buildConfigurationList = 3E50A048293F729B00DFDEDB /* Build configuration list for PBXNativeTarget "Netflix Clone" */;
			buildPhases = (
				3E50A030293F729900DFDEDB /* Sources */,
				3E50A031293F729900DFDEDB /* Frameworks */,
				3E50A032293F729900DFDEDB /* Resources */,
			);
			buildRules = (
			);
			dependencies = (
			);
			name = "Netflix Clone";
			packageProductDependencies = (
				3E50A0682946870A00DFDEDB /* SDWebImage */,
				3E50A06A2946870A00DFDEDB /* SDWebImageMapKit */,
			);
			productName = "Netflix Clone";
			productReference = 3E50A034293F729900DFDEDB /* Netflix Clone.app */;
			productType = "com.apple.product-type.application";
		};
/* End PBXNativeTarget section */

/* Begin PBXProject section */
		3E50A02C293F729800DFDEDB /* Project object */ = {
			isa = PBXProject;
			attributes = {
				BuildIndependentTargetsInParallel = 1;
				LastSwiftUpdateCheck = 1330;
				LastUpgradeCheck = 1330;
				TargetAttributes = {
					3E50A033293F729900DFDEDB = {
						CreatedOnToolsVersion = 13.3.1;
					};
				};
			};
			buildConfigurationList = 3E50A02F293F729800DFDEDB /* Build configuration list for PBXProject "Netflix Clone" */;
			compatibilityVersion = "Xcode 13.0";
			developmentRegion = en;
			hasScannedForEncodings = 0;
			knownRegions = (
				en,
				Base,
			);
			mainGroup = 3E50A02B293F729800DFDEDB;
			packageReferences = (
				3E50A0672946870A00DFDEDB /* XCRemoteSwiftPackageReference "SDWebImage" */,
			);
			productRefGroup = 3E50A035293F729900DFDEDB /* Products */;
			projectDirPath = "";
			projectRoot = "";
			targets = (
				3E50A033293F729900DFDEDB /* Netflix Clone */,
			);
		};
/* End PBXProject section */

/* Begin PBXResourcesBuildPhase section */
		3E50A032293F729900DFDEDB /* Resources */ = {
			isa = PBXResourcesBuildPhase;
			buildActionMask = 2147483647;
			files = (
				3E50A044293F729B00DFDEDB /* LaunchScreen.storyboard in Resources */,
				3E50A041293F729B00DFDEDB /* Assets.xcassets in Resources */,
			);
			runOnlyForDeploymentPostprocessing = 0;
		};
/* End PBXResourcesBuildPhase section */

/* Begin PBXSourcesBuildPhase section */
		3E50A030293F729900DFDEDB /* Sources */ = {
			isa = PBXSourcesBuildPhase;
			buildActionMask = 2147483647;
			files = (
				3E50A06D2949168500DFDEDB /* TitleTableViewCell.swift in Sources */,
				3E50A051293FD1A100DFDEDB /* SearchViewController.swift in Sources */,
				3E50A0662946847000DFDEDB /* TitleCollectionViewCell.swift in Sources */,
				3E8F7D02294BC3FD00A00B4F /* DataPersistenceManager.swift in Sources */,
				3E50A053293FD1BE00DFDEDB /* DownloandsViewController.swift in Sources */,
				3E50A05A293FD8C100DFDEDB /* CollectionViewTableViewCell.swift in Sources */,
				3E50A05E294108D700DFDEDB /* APICaller.swift in Sources */,
				3E8F7D00294BC15C00A00B4F /* NetflixCloneModel.xcdatamodeld in Sources */,
				3E50A05C293FDF7C00DFDEDB /* HeroHeaderUIView.swift in Sources */,
				3E50A03C293F729900DFDEDB /* MainTapBarViewController.swift in Sources */,
				3E50A038293F729900DFDEDB /* AppDelegate.swift in Sources */,
				3E50A0712949F20C00DFDEDB /* SearchResultsViewController.swift in Sources */,
				3E50A062294672F800DFDEDB /* Extensions.swift in Sources */,
				3E50A075294A3F9300DFDEDB /* YoutubeSearchResponse.swift in Sources */,
				3E50A03A293F729900DFDEDB /* SceneDelegate.swift in Sources */,
				3E50A079294A492F00DFDEDB /* TitlePreviewViewModel.swift in Sources */,
				3E50A04F293FD17600DFDEDB /* UpcomingViewController.swift in Sources */,
				3E50A077294A445700DFDEDB /* TitlePreviewViewController.swift in Sources */,
				3E50A06029466AC600DFDEDB /* Title.swift in Sources */,
				3E50A04D293F74E400DFDEDB /* HomeViewController.swift in Sources */,
				3E50A06F29491BFC00DFDEDB /* TitleViewModel.swift in Sources */,
			);
			runOnlyForDeploymentPostprocessing = 0;
		};
/* End PBXSourcesBuildPhase section */

/* Begin PBXVariantGroup section */
		3E50A042293F729B00DFDEDB /* LaunchScreen.storyboard */ = {
			isa = PBXVariantGroup;
			children = (
				3E50A043293F729B00DFDEDB /* Base */,
			);
			name = LaunchScreen.storyboard;
			sourceTree = "<group>";
		};
/* End PBXVariantGroup section */

/* Begin XCBuildConfiguration section */
		3E50A046293F729B00DFDEDB /* Debug */ = {
			isa = XCBuildConfiguration;
			buildSettings = {
				ALWAYS_SEARCH_USER_PATHS = NO;
				CLANG_ANALYZER_NONNULL = YES;
				CLANG_ANALYZER_NUMBER_OBJECT_CONVERSION = YES_AGGRESSIVE;
				CLANG_CXX_LANGUAGE_STANDARD = "gnu++17";
				CLANG_ENABLE_MODULES = YES;
				CLANG_ENABLE_OBJC_ARC = YES;
				CLANG_ENABLE_OBJC_WEAK = YES;
				CLANG_WARN_BLOCK_CAPTURE_AUTORELEASING = YES;
				CLANG_WARN_BOOL_CONVERSION = YES;
				CLANG_WARN_COMMA = YES;
				CLANG_WARN_CONSTANT_CONVERSION = YES;
				CLANG_WARN_DEPRECATED_OBJC_IMPLEMENTATIONS = YES;
				CLANG_WARN_DIRECT_OBJC_ISA_USAGE = YES_ERROR;
				CLANG_WARN_DOCUMENTATION_COMMENTS = YES;
				CLANG_WARN_EMPTY_BODY = YES;
				CLANG_WARN_ENUM_CONVERSION = YES;
				CLANG_WARN_INFINITE_RECURSION = YES;
				CLANG_WARN_INT_CONVERSION = YES;
				CLANG_WARN_NON_LITERAL_NULL_CONVERSION = YES;
				CLANG_WARN_OBJC_IMPLICIT_RETAIN_SELF = YES;
				CLANG_WARN_OBJC_LITERAL_CONVERSION = YES;
				CLANG_WARN_OBJC_ROOT_CLASS = YES_ERROR;
				CLANG_WARN_QUOTED_INCLUDE_IN_FRAMEWORK_HEADER = YES;
				CLANG_WARN_RANGE_LOOP_ANALYSIS = YES;
				CLANG_WARN_STRICT_PROTOTYPES = YES;
				CLANG_WARN_SUSPICIOUS_MOVE = YES;
				CLANG_WARN_UNGUARDED_AVAILABILITY = YES_AGGRESSIVE;
				CLANG_WARN_UNREACHABLE_CODE = YES;
				CLANG_WARN__DUPLICATE_METHOD_MATCH = YES;
				COPY_PHASE_STRIP = NO;
				DEBUG_INFORMATION_FORMAT = dwarf;
				ENABLE_STRICT_OBJC_MSGSEND = YES;
				ENABLE_TESTABILITY = YES;
				GCC_C_LANGUAGE_STANDARD = gnu11;
				GCC_DYNAMIC_NO_PIC = NO;
				GCC_NO_COMMON_BLOCKS = YES;
				GCC_OPTIMIZATION_LEVEL = 0;
				GCC_PREPROCESSOR_DEFINITIONS = (
					"DEBUG=1",
					"$(inherited)",
				);
				GCC_WARN_64_TO_32_BIT_CONVERSION = YES;
				GCC_WARN_ABOUT_RETURN_TYPE = YES_ERROR;
				GCC_WARN_UNDECLARED_SELECTOR = YES;
				GCC_WARN_UNINITIALIZED_AUTOS = YES_AGGRESSIVE;
				GCC_WARN_UNUSED_FUNCTION = YES;
				GCC_WARN_UNUSED_VARIABLE = YES;
				IPHONEOS_DEPLOYMENT_TARGET = 15.4;
				MTL_ENABLE_DEBUG_INFO = INCLUDE_SOURCE;
				MTL_FAST_MATH = YES;
				ONLY_ACTIVE_ARCH = YES;
				SDKROOT = iphoneos;
				SWIFT_ACTIVE_COMPILATION_CONDITIONS = DEBUG;
				SWIFT_OPTIMIZATION_LEVEL = "-Onone";
			};
			name = Debug;
		};
		3E50A047293F729B00DFDEDB /* Release */ = {
			isa = XCBuildConfiguration;
			buildSettings = {
				ALWAYS_SEARCH_USER_PATHS = NO;
				CLANG_ANALYZER_NONNULL = YES;
				CLANG_ANALYZER_NUMBER_OBJECT_CONVERSION = YES_AGGRESSIVE;
				CLANG_CXX_LANGUAGE_STANDARD = "gnu++17";
				CLANG_ENABLE_MODULES = YES;
				CLANG_ENABLE_OBJC_ARC = YES;
				CLANG_ENABLE_OBJC_WEAK = YES;
				CLANG_WARN_BLOCK_CAPTURE_AUTORELEASING = YES;
				CLANG_WARN_BOOL_CONVERSION = YES;
				CLANG_WARN_COMMA = YES;
				CLANG_WARN_CONSTANT_CONVERSION = YES;
				CLANG_WARN_DEPRECATED_OBJC_IMPLEMENTATIONS = YES;
				CLANG_WARN_DIRECT_OBJC_ISA_USAGE = YES_ERROR;
				CLANG_WARN_DOCUMENTATION_COMMENTS = YES;
				CLANG_WARN_EMPTY_BODY = YES;
				CLANG_WARN_ENUM_CONVERSION = YES;
				CLANG_WARN_INFINITE_RECURSION = YES;
				CLANG_WARN_INT_CONVERSION = YES;
				CLANG_WARN_NON_LITERAL_NULL_CONVERSION = YES;
				CLANG_WARN_OBJC_IMPLICIT_RETAIN_SELF = YES;
				CLANG_WARN_OBJC_LITERAL_CONVERSION = YES;
				CLANG_WARN_OBJC_ROOT_CLASS = YES_ERROR;
				CLANG_WARN_QUOTED_INCLUDE_IN_FRAMEWORK_HEADER = YES;
				CLANG_WARN_RANGE_LOOP_ANALYSIS = YES;
				CLANG_WARN_STRICT_PROTOTYPES = YES;
				CLANG_WARN_SUSPICIOUS_MOVE = YES;
				CLANG_WARN_UNGUARDED_AVAILABILITY = YES_AGGRESSIVE;
				CLANG_WARN_UNREACHABLE_CODE = YES;
				CLANG_WARN__DUPLICATE_METHOD_MATCH = YES;
				COPY_PHASE_STRIP = NO;
				DEBUG_INFORMATION_FORMAT = "dwarf-with-dsym";
				ENABLE_NS_ASSERTIONS = NO;
				ENABLE_STRICT_OBJC_MSGSEND = YES;
				GCC_C_LANGUAGE_STANDARD = gnu11;
				GCC_NO_COMMON_BLOCKS = YES;
				GCC_WARN_64_TO_32_BIT_CONVERSION = YES;
				GCC_WARN_ABOUT_RETURN_TYPE = YES_ERROR;
				GCC_WARN_UNDECLARED_SELECTOR = YES;
				GCC_WARN_UNINITIALIZED_AUTOS = YES_AGGRESSIVE;
				GCC_WARN_UNUSED_FUNCTION = YES;
				GCC_WARN_UNUSED_VARIABLE = YES;
				IPHONEOS_DEPLOYMENT_TARGET = 15.4;
				MTL_ENABLE_DEBUG_INFO = NO;
				MTL_FAST_MATH = YES;
				SDKROOT = iphoneos;
				SWIFT_COMPILATION_MODE = wholemodule;
				SWIFT_OPTIMIZATION_LEVEL = "-O";
				VALIDATE_PRODUCT = YES;
			};
			name = Release;
		};
		3E50A049293F729B00DFDEDB /* Debug */ = {
			isa = XCBuildConfiguration;
			buildSettings = {
				ASSETCATALOG_COMPILER_APPICON_NAME = AppIcon;
				ASSETCATALOG_COMPILER_GLOBAL_ACCENT_COLOR_NAME = AccentColor;
				CODE_SIGN_STYLE = Automatic;
				CURRENT_PROJECT_VERSION = 1;
				DEVELOPMENT_TEAM = 65P6HX2CZJ;
				GENERATE_INFOPLIST_FILE = YES;
				INFOPLIST_FILE = "Netflix Clone/Info.plist";
				INFOPLIST_KEY_UIApplicationSupportsIndirectInputEvents = YES;
				INFOPLIST_KEY_UILaunchStoryboardName = LaunchScreen;
				INFOPLIST_KEY_UISupportedInterfaceOrientations_iPad = "UIInterfaceOrientationPortrait UIInterfaceOrientationPortraitUpsideDown UIInterfaceOrientationLandscapeLeft UIInterfaceOrientationLandscapeRight";
				INFOPLIST_KEY_UISupportedInterfaceOrientations_iPhone = "UIInterfaceOrientationPortrait UIInterfaceOrientationLandscapeLeft UIInterfaceOrientationLandscapeRight";
				LD_RUNPATH_SEARCH_PATHS = (
					"$(inherited)",
					"@executable_path/Frameworks",
				);
				MARKETING_VERSION = 1.0;
				PRODUCT_BUNDLE_IDENTIFIER = "com.mavrik.Netflix-Clone";
				PRODUCT_NAME = "$(TARGET_NAME)";
				SWIFT_EMIT_LOC_STRINGS = YES;
				SWIFT_VERSION = 5.0;
				TARGETED_DEVICE_FAMILY = "1,2";
			};
			name = Debug;
		};
		3E50A04A293F729B00DFDEDB /* Release */ = {
			isa = XCBuildConfiguration;
			buildSettings = {
				ASSETCATALOG_COMPILER_APPICON_NAME = AppIcon;
				ASSETCATALOG_COMPILER_GLOBAL_ACCENT_COLOR_NAME = AccentColor;
				CODE_SIGN_STYLE = Automatic;
				CURRENT_PROJECT_VERSION = 1;
				DEVELOPMENT_TEAM = 65P6HX2CZJ;
				GENERATE_INFOPLIST_FILE = YES;
				INFOPLIST_FILE = "Netflix Clone/Info.plist";
				INFOPLIST_KEY_UIApplicationSupportsIndirectInputEvents = YES;
				INFOPLIST_KEY_UILaunchStoryboardName = LaunchScreen;
				INFOPLIST_KEY_UISupportedInterfaceOrientations_iPad = "UIInterfaceOrientationPortrait UIInterfaceOrientationPortraitUpsideDown UIInterfaceOrientationLandscapeLeft UIInterfaceOrientationLandscapeRight";
				INFOPLIST_KEY_UISupportedInterfaceOrientations_iPhone = "UIInterfaceOrientationPortrait UIInterfaceOrientationLandscapeLeft UIInterfaceOrientationLandscapeRight";
				LD_RUNPATH_SEARCH_PATHS = (
					"$(inherited)",
					"@executable_path/Frameworks",
				);
				MARKETING_VERSION = 1.0;
				PRODUCT_BUNDLE_IDENTIFIER = "com.mavrik.Netflix-Clone";
				PRODUCT_NAME = "$(TARGET_NAME)";
				SWIFT_EMIT_LOC_STRINGS = YES;
				SWIFT_VERSION = 5.0;
				TARGETED_DEVICE_FAMILY = "1,2";
			};
			name = Release;
		};
/* End XCBuildConfiguration section */

/* Begin XCConfigurationList section */
		3E50A02F293F729800DFDEDB /* Build configuration list for PBXProject "Netflix Clone" */ = {
			isa = XCConfigurationList;
			buildConfigurations = (
				3E50A046293F729B00DFDEDB /* Debug */,
				3E50A047293F729B00DFDEDB /* Release */,
			);
			defaultConfigurationIsVisible = 0;
			defaultConfigurationName = Release;
		};
		3E50A048293F729B00DFDEDB /* Build configuration list for PBXNativeTarget "Netflix Clone" */ = {
			isa = XCConfigurationList;
			buildConfigurations = (
				3E50A049293F729B00DFDEDB /* Debug */,
				3E50A04A293F729B00DFDEDB /* Release */,
			);
			defaultConfigurationIsVisible = 0;
			defaultConfigurationName = Release;
		};
/* End XCConfigurationList section */

/* Begin XCRemoteSwiftPackageReference section */
		3E50A0672946870A00DFDEDB /* XCRemoteSwiftPackageReference "SDWebImage" */ = {
			isa = XCRemoteSwiftPackageReference;
			repositoryURL = "https://github.com/SDWebImage/SDWebImage.git";
			requirement = {
				branch = master;
				kind = branch;
			};
		};
/* End XCRemoteSwiftPackageReference section */

/* Begin XCSwiftPackageProductDependency section */
		3E50A0682946870A00DFDEDB /* SDWebImage */ = {
			isa = XCSwiftPackageProductDependency;
			package = 3E50A0672946870A00DFDEDB /* XCRemoteSwiftPackageReference "SDWebImage" */;
			productName = SDWebImage;
		};
		3E50A06A2946870A00DFDEDB /* SDWebImageMapKit */ = {
			isa = XCSwiftPackageProductDependency;
			package = 3E50A0672946870A00DFDEDB /* XCRemoteSwiftPackageReference "SDWebImage" */;
			productName = SDWebImageMapKit;
		};
/* End XCSwiftPackageProductDependency section */

/* Begin XCVersionGroup section */
		3E8F7CFE294BC15C00A00B4F /* NetflixCloneModel.xcdatamodeld */ = {
			isa = XCVersionGroup;
			children = (
				3E8F7CFF294BC15C00A00B4F /* NetflixCloneModel.xcdatamodel */,
			);
			currentVersion = 3E8F7CFF294BC15C00A00B4F /* NetflixCloneModel.xcdatamodel */;
			path = NetflixCloneModel.xcdatamodeld;
			sourceTree = "<group>";
			versionGroupType = wrapper.xcdatamodel;
		};
/* End XCVersionGroup section */
	};
	rootObject = 3E50A02C293F729800DFDEDB /* Project object */;
}
